
Microsoft Visual Studio Solution File, Format Version 12.00
# Visual Studio Version 17
VisualStudioVersion = 17.8.34330.188
MinimumVisualStudioVersion = 10.0.40219.1
Project("{FAE04EC0-301F-11D3-BF4B-00C04F79EFBC}") = "SysMonitor.NET", "SysMonitor.NET\SysMonitor.NET.csproj", "{EC98E76A-DEDF-4AA5-9378-B63F33020B5C}"
EndProject
Project("{FAE04EC0-301F-11D3-BF4B-00C04F79EFBC}") = "Example", "Example\Example.csproj", "{AEDFB9EF-E839-4E9F-8678-7410E6395DDF}"
EndProject
Global
	GlobalSection(SolutionConfigurationPlatforms) = preSolution
		Debug|Any CPU = Debug|Any CPU
		Release|Any CPU = Release|Any CPU
	EndGlobalSection
	GlobalSection(ProjectConfigurationPlatforms) = postSolution
		{EC98E76A-DEDF-4AA5-9378-B63F33020B5C}.Debug|Any CPU.ActiveCfg = Debug|Any CPU
		{EC98E76A-DEDF-4AA5-9378-B63F33020B5C}.Debug|Any CPU.Build.0 = Debug|Any CPU
		{EC98E76A-DEDF-4AA5-9378-B63F33020B5C}.Release|Any CPU.ActiveCfg = Release|Any CPU
		{EC98E76A-DEDF-4AA5-9378-B63F33020B5C}.Release|Any CPU.Build.0 = Release|Any CPU
		{AEDFB9EF-E839-4E9F-8678-7410E6395DDF}.Debug|Any CPU.ActiveCfg = Debug|Any CPU
		{AEDFB9EF-E839-4E9F-8678-7410E6395DDF}.Debug|Any CPU.Build.0 = Debug|Any CPU
		{AEDFB9EF-E839-4E9F-8678-7410E6395DDF}.Release|Any CPU.ActiveCfg = Release|Any CPU
		{AEDFB9EF-E839-4E9F-8678-7410E6395DDF}.Release|Any CPU.Build.0 = Release|Any CPU
	EndGlobalSection
	GlobalSection(SolutionProperties) = preSolution
		HideSolutionNode = FALSE
	EndGlobalSection
	GlobalSection(ExtensibilityGlobals) = postSolution
		SolutionGuid = {4289D36D-A1B6-45F0-ABCD-737FC8663A05}
	EndGlobalSection
EndGlobal
